
Microsoft Visual Studio Solution File, Format Version 12.00
# Visual Studio Version 17
VisualStudioVersion = 17.3.32929.385
MinimumVisualStudioVersion = 10.0.40219.1
Project("{FAE04EC0-301F-11D3-BF4B-00C04F79EFBC}") = "Perfect number", "Perfect number\Perfect number.csproj", "{BB6CC908-B860-4B46-9C21-E210C837CCFF}"
EndProject
Global
	GlobalSection(SolutionConfigurationPlatforms) = preSolution
		Debug|Any CPU = Debug|Any CPU
		Release|Any CPU = Release|Any CPU
	EndGlobalSection
	GlobalSection(ProjectConfigurationPlatforms) = postSolution
		{BB6CC908-B860-4B46-9C21-E210C837CCFF}.Debug|Any CPU.ActiveCfg = Debug|Any CPU
		{BB6CC908-B860-4B46-9C21-E210C837CCFF}.Debug|Any CPU.Build.0 = Debug|Any CPU
		{BB6CC908-B860-4B46-9C21-E210C837CCFF}.Release|Any CPU.ActiveCfg = Release|Any CPU
		{BB6CC908-B860-4B46-9C21-E210C837CCFF}.Release|Any CPU.Build.0 = Release|Any CPU
	EndGlobalSection
	GlobalSection(SolutionProperties) = preSolution
		HideSolutionNode = FALSE
	EndGlobalSection
	GlobalSection(ExtensibilityGlobals) = postSolution
		SolutionGuid = {4AC92916-3636-46F4-BC4B-4F7BB526C4A8}
	EndGlobalSection
EndGlobal
